{
  "name": "mock_control_box",
  "lockfileVersion": 3,
  "requires": true,
  "packages": {
    "": {
      "dependencies": {
        "telnetlib": "^1.0.2"
      }
    },
    "node_modules/telnetlib": {
      "version": "1.0.2",
      "resolved": "https://registry.npmjs.org/telnetlib/-/telnetlib-1.0.2.tgz",
      "integrity": "sha512-2xTmXJvyyBusiKVa87J/W85Je/uwodtYyzDEi8L60OmbuWLTrTAxLLvchOP6caKotXbQK9Pjo6lIHhc/2QF1tg==",
      "license": "MIT"
    }
  }
}
